
Microsoft Visual Studio Solution File, Format Version 12.00
# Visual Studio Version 17
VisualStudioVersion = 17.0.31903.59
MinimumVisualStudioVersion = 10.0.40219.1
Project("{2150E333-8FDC-42A3-9474-1A3956D46DE8}") = "src", "src", "{F00041B5-BBC7-4152-95B9-81C39C402907}"
EndProject
Project("{FAE04EC0-301F-11D3-BF4B-00C04F79EFBC}") = "Checklist.Core", "src\Checklist.Core\Checklist.Core.csproj", "{1215736E-B2B4-4EC2-B02F-B421FAD6D5C7}"
EndProject
Project("{FAE04EC0-301F-11D3-BF4B-00C04F79EFBC}") = "Checklist.App", "src\Checklist.App\Checklist.App.csproj", "{E55994B2-7C82-41AE-ACC3-A5E945100776}"
EndProject
Project("{2150E333-8FDC-42A3-9474-1A3956D46DE8}") = "tests", "tests", "{679410C1-470B-49B9-AC4D-CF49368F1E26}"
EndProject
Project("{FAE04EC0-301F-11D3-BF4B-00C04F79EFBC}") = "Checklist.Core.Tests", "tests\Checklist.Core.Tests\Checklist.Core.Tests.csproj", "{0D70E3EF-0680-468F-A4C6-8753123F19E3}"
EndProject
Global
	GlobalSection(SolutionConfigurationPlatforms) = preSolution
		Debug|Any CPU = Debug|Any CPU
		Release|Any CPU = Release|Any CPU
	EndGlobalSection
	GlobalSection(SolutionProperties) = preSolution
		HideSolutionNode = FALSE
	EndGlobalSection
	GlobalSection(ProjectConfigurationPlatforms) = postSolution
		{1215736E-B2B4-4EC2-B02F-B421FAD6D5C7}.Debug|Any CPU.ActiveCfg = Debug|Any CPU
		{1215736E-B2B4-4EC2-B02F-B421FAD6D5C7}.Debug|Any CPU.Build.0 = Debug|Any CPU
		{1215736E-B2B4-4EC2-B02F-B421FAD6D5C7}.Release|Any CPU.ActiveCfg = Release|Any CPU
		{1215736E-B2B4-4EC2-B02F-B421FAD6D5C7}.Release|Any CPU.Build.0 = Release|Any CPU
		{E55994B2-7C82-41AE-ACC3-A5E945100776}.Debug|Any CPU.ActiveCfg = Debug|Any CPU
		{E55994B2-7C82-41AE-ACC3-A5E945100776}.Debug|Any CPU.Build.0 = Debug|Any CPU
		{E55994B2-7C82-41AE-ACC3-A5E945100776}.Release|Any CPU.ActiveCfg = Release|Any CPU
		{E55994B2-7C82-41AE-ACC3-A5E945100776}.Release|Any CPU.Build.0 = Release|Any CPU
		{0D70E3EF-0680-468F-A4C6-8753123F19E3}.Debug|Any CPU.ActiveCfg = Debug|Any CPU
		{0D70E3EF-0680-468F-A4C6-8753123F19E3}.Debug|Any CPU.Build.0 = Debug|Any CPU
		{0D70E3EF-0680-468F-A4C6-8753123F19E3}.Release|Any CPU.ActiveCfg = Release|Any CPU
		{0D70E3EF-0680-468F-A4C6-8753123F19E3}.Release|Any CPU.Build.0 = Release|Any CPU
	EndGlobalSection
	GlobalSection(NestedProjects) = preSolution
		{1215736E-B2B4-4EC2-B02F-B421FAD6D5C7} = {F00041B5-BBC7-4152-95B9-81C39C402907}
		{E55994B2-7C82-41AE-ACC3-A5E945100776} = {F00041B5-BBC7-4152-95B9-81C39C402907}
		{0D70E3EF-0680-468F-A4C6-8753123F19E3} = {679410C1-470B-49B9-AC4D-CF49368F1E26}
	EndGlobalSection
EndGlobal
